
Microsoft Visual Studio Solution File, Format Version 12.00
# Visual Studio Version 16
VisualStudioVersion = 16.0.31624.102
MinimumVisualStudioVersion = 10.0.40219.1
Project("{FAE04EC0-301F-11D3-BF4B-00C04F79EFBC}") = "Homework2", "Homework2\Homework2.csproj", "{649BD4A0-F213-4B8E-92D3-156DC9931FF2}"
EndProject
Global
	GlobalSection(SolutionConfigurationPlatforms) = preSolution
		Debug|Any CPU = Debug|Any CPU
		Release|Any CPU = Release|Any CPU
	EndGlobalSection
	GlobalSection(ProjectConfigurationPlatforms) = postSolution
		{649BD4A0-F213-4B8E-92D3-156DC9931FF2}.Debug|Any CPU.ActiveCfg = Debug|Any CPU
		{649BD4A0-F213-4B8E-92D3-156DC9931FF2}.Debug|Any CPU.Build.0 = Debug|Any CPU
		{649BD4A0-F213-4B8E-92D3-156DC9931FF2}.Release|Any CPU.ActiveCfg = Release|Any CPU
		{649BD4A0-F213-4B8E-92D3-156DC9931FF2}.Release|Any CPU.Build.0 = Release|Any CPU
	EndGlobalSection
	GlobalSection(SolutionProperties) = preSolution
		HideSolutionNode = FALSE
	EndGlobalSection
	GlobalSection(ExtensibilityGlobals) = postSolution
		SolutionGuid = {080F48F0-550B-41E3-A77F-28B14A629133}
	EndGlobalSection
EndGlobal
